
Microsoft Visual Studio Solution File, Format Version 12.00
# Visual Studio Version 17
VisualStudioVersion = 17.8.34511.84
MinimumVisualStudioVersion = 10.0.40219.1
Project("{FAE04EC0-301F-11D3-BF4B-00C04F79EFBC}") = "ListaDeAtividades", "ListaDeAtividades.csproj", "{592EC1B2-599E-4DC1-BD17-212AE414B915}"
EndProject
Global
	GlobalSection(SolutionConfigurationPlatforms) = preSolution
		Debug|Any CPU = Debug|Any CPU
		Release|Any CPU = Release|Any CPU
	EndGlobalSection
	GlobalSection(ProjectConfigurationPlatforms) = postSolution
		{592EC1B2-599E-4DC1-BD17-212AE414B915}.Debug|Any CPU.ActiveCfg = Debug|Any CPU
		{592EC1B2-599E-4DC1-BD17-212AE414B915}.Debug|Any CPU.Build.0 = Debug|Any CPU
		{592EC1B2-599E-4DC1-BD17-212AE414B915}.Release|Any CPU.ActiveCfg = Release|Any CPU
		{592EC1B2-599E-4DC1-BD17-212AE414B915}.Release|Any CPU.Build.0 = Release|Any CPU
	EndGlobalSection
	GlobalSection(SolutionProperties) = preSolution
		HideSolutionNode = FALSE
	EndGlobalSection
	GlobalSection(ExtensibilityGlobals) = postSolution
		SolutionGuid = {2B2E27A2-E9E3-4421-A0AC-077C6C577DE9}
	EndGlobalSection
EndGlobal
